
Microsoft Visual Studio Solution File, Format Version 12.00
# Visual Studio 15
VisualStudioVersion = 15.0.28307.757
MinimumVisualStudioVersion = 10.0.40219.1
Project("{FAE04EC0-301F-11D3-BF4B-00C04F79EFBC}") = "HttpApi", "HttpApi\HttpApi.csproj", "{7CD34F98-C6CA-4B3A-A53A-9CBCAEA3A81D}"
EndProject
Project("{FAE04EC0-301F-11D3-BF4B-00C04F79EFBC}") = "HttpApi.Tests", "HttpApi.Tests\HttpApi.Tests.csproj", "{A5985E2B-5DC2-441E-86CA-9121B9F3386A}"
EndProject
Global
	GlobalSection(SolutionConfigurationPlatforms) = preSolution
		Debug|Any CPU = Debug|Any CPU
		Release|Any CPU = Release|Any CPU
	EndGlobalSection
	GlobalSection(ProjectConfigurationPlatforms) = postSolution
		{7CD34F98-C6CA-4B3A-A53A-9CBCAEA3A81D}.Debug|Any CPU.ActiveCfg = Debug|Any CPU
		{7CD34F98-C6CA-4B3A-A53A-9CBCAEA3A81D}.Debug|Any CPU.Build.0 = Debug|Any CPU
		{7CD34F98-C6CA-4B3A-A53A-9CBCAEA3A81D}.Release|Any CPU.ActiveCfg = Release|Any CPU
		{7CD34F98-C6CA-4B3A-A53A-9CBCAEA3A81D}.Release|Any CPU.Build.0 = Release|Any CPU
		{A5985E2B-5DC2-441E-86CA-9121B9F3386A}.Debug|Any CPU.ActiveCfg = Debug|Any CPU
		{A5985E2B-5DC2-441E-86CA-9121B9F3386A}.Debug|Any CPU.Build.0 = Debug|Any CPU
		{A5985E2B-5DC2-441E-86CA-9121B9F3386A}.Release|Any CPU.ActiveCfg = Release|Any CPU
		{A5985E2B-5DC2-441E-86CA-9121B9F3386A}.Release|Any CPU.Build.0 = Release|Any CPU
	EndGlobalSection
	GlobalSection(SolutionProperties) = preSolution
		HideSolutionNode = FALSE
	EndGlobalSection
	GlobalSection(ExtensibilityGlobals) = postSolution
		SolutionGuid = {33A95F37-7FE1-41F5-8844-4B1F8FF6BDE8}
	EndGlobalSection
EndGlobal
